
Microsoft Visual Studio Solution File, Format Version 12.00
# Visual Studio 15
Project("{FAE04EC0-301F-11D3-BF4B-00C04F79EFBC}") = "Assembly-CSharp-Editor", "Assembly-CSharp-Editor.csproj", "{DF86C997-24AE-B9F1-96FF-34227BC0E273}"
EndProject
Project("{FAE04EC0-301F-11D3-BF4B-00C04F79EFBC}") = "Assembly-CSharp", "Assembly-CSharp.csproj", "{411F99D7-1477-77EA-3EE8-FF936F1E892D}"
EndProject
Global
	GlobalSection(SolutionConfigurationPlatforms) = preSolution
		Debug|Any CPU = Debug|Any CPU
		Release|Any CPU = Release|Any CPU
	EndGlobalSection
	GlobalSection(ProjectConfigurationPlatforms) = postSolution
		{DF86C997-24AE-B9F1-96FF-34227BC0E273}.Debug|Any CPU.ActiveCfg = Debug|Any CPU
		{DF86C997-24AE-B9F1-96FF-34227BC0E273}.Debug|Any CPU.Build.0 = Debug|Any CPU
		{DF86C997-24AE-B9F1-96FF-34227BC0E273}.Release|Any CPU.ActiveCfg = Release|Any CPU
		{DF86C997-24AE-B9F1-96FF-34227BC0E273}.Release|Any CPU.Build.0 = Release|Any CPU
		{411F99D7-1477-77EA-3EE8-FF936F1E892D}.Debug|Any CPU.ActiveCfg = Debug|Any CPU
		{411F99D7-1477-77EA-3EE8-FF936F1E892D}.Debug|Any CPU.Build.0 = Debug|Any CPU
		{411F99D7-1477-77EA-3EE8-FF936F1E892D}.Release|Any CPU.ActiveCfg = Release|Any CPU
		{411F99D7-1477-77EA-3EE8-FF936F1E892D}.Release|Any CPU.Build.0 = Release|Any CPU
	EndGlobalSection
	GlobalSection(SolutionProperties) = preSolution
		HideSolutionNode = FALSE
	EndGlobalSection
EndGlobal
